// !$*UTF8*$!
{
	archiveVersion = 1;
	classes = {
	};
	objectVersion = 56;
	objects = {

/* Begin PBXBuildFile section */
		440271F829C1B753009F9D36 /* AppViewModel.swift in Sources */ = {isa = PBXBuildFile; fileRef = 440271F729C1B753009F9D36 /* AppViewModel.swift */; };
		440271FB29C1B8E2009F9D36 /* ChatCodeHighlighter.swift in Sources */ = {isa = PBXBuildFile; fileRef = 440271FA29C1B8E2009F9D36 /* ChatCodeHighlighter.swift */; };
		440271FD29C1B90C009F9D36 /* Codehighlighter in Frameworks */ = {isa = PBXBuildFile; productRef = 440271FC29C1B90C009F9D36 /* Codehighlighter */; };
		440271FF29C1BA40009F9D36 /* SettingsView.swift in Sources */ = {isa = PBXBuildFile; fileRef = 440271FE29C1BA40009F9D36 /* SettingsView.swift */; };
		4402720229C1E871009F9D36 /* ChatKit in Frameworks */ = {isa = PBXBuildFile; productRef = 4402720129C1E871009F9D36 /* ChatKit */; };
		4402720429C205F4009F9D36 /* ChatViewModel.swift in Sources */ = {isa = PBXBuildFile; fileRef = 4402720329C205F4009F9D36 /* ChatViewModel.swift */; };
		4402720629C20F4D009F9D36 /* ChatTextFieldView.swift in Sources */ = {isa = PBXBuildFile; fileRef = 4402720529C20F4D009F9D36 /* ChatTextFieldView.swift */; };
		447DB3F929C11E6A003E44B2 /* MarkdownUI in Frameworks */ = {isa = PBXBuildFile; productRef = 447DB3F829C11E6A003E44B2 /* MarkdownUI */; };
		447DB40029C129FE003E44B2 /* Message.swift in Sources */ = {isa = PBXBuildFile; fileRef = 447DB3FF29C129FE003E44B2 /* Message.swift */; };
		447DB40329C12A54003E44B2 /* KeychainSwift in Frameworks */ = {isa = PBXBuildFile; productRef = 447DB40229C12A54003E44B2 /* KeychainSwift */; };
		447DB40529C12A7F003E44B2 /* TokenStore.swift in Sources */ = {isa = PBXBuildFile; fileRef = 447DB40429C12A7F003E44B2 /* TokenStore.swift */; };
		44DFCA5F29C0BBB200B026E7 /* AskGPTApp.swift in Sources */ = {isa = PBXBuildFile; fileRef = 44DFCA5E29C0BBB200B026E7 /* AskGPTApp.swift */; };
		44DFCA6129C0BBB200B026E7 /* ChatView.swift in Sources */ = {isa = PBXBuildFile; fileRef = 44DFCA6029C0BBB200B026E7 /* ChatView.swift */; };
		44DFCA6329C0BBB300B026E7 /* Assets.xcassets in Resources */ = {isa = PBXBuildFile; fileRef = 44DFCA6229C0BBB300B026E7 /* Assets.xcassets */; };
		44DFCA6729C0BBB300B026E7 /* Preview Assets.xcassets in Resources */ = {isa = PBXBuildFile; fileRef = 44DFCA6629C0BBB300B026E7 /* Preview Assets.xcassets */; };
		44DFCA7229C0BC4A00B026E7 /* OpenAISwift in Frameworks */ = {isa = PBXBuildFile; productRef = 44DFCA7129C0BC4A00B026E7 /* OpenAISwift */; };
		44DFCA7529C0BCA400B026E7 /* ChatBubble.swift in Sources */ = {isa = PBXBuildFile; fileRef = 44DFCA7429C0BCA400B026E7 /* ChatBubble.swift */; };
		44DFCA7729C0C06600B026E7 /* Message + OpenAI.swift in Sources */ = {isa = PBXBuildFile; fileRef = 44DFCA7629C0C06600B026E7 /* Message + OpenAI.swift */; };
/* End PBXBuildFile section */

/* Begin PBXFileReference section */
		440271F729C1B753009F9D36 /* AppViewModel.swift */ = {isa = PBXFileReference; lastKnownFileType = sourcecode.swift; path = AppViewModel.swift; sourceTree = "<group>"; };
		440271F929C1B8BA009F9D36 /* Codehighlighter */ = {isa = PBXFileReference; lastKnownFileType = wrapper; path = Codehighlighter; sourceTree = "<group>"; };
		440271FA29C1B8E2009F9D36 /* ChatCodeHighlighter.swift */ = {isa = PBXFileReference; lastKnownFileType = sourcecode.swift; path = ChatCodeHighlighter.swift; sourceTree = "<group>"; };
		440271FE29C1BA40009F9D36 /* SettingsView.swift */ = {isa = PBXFileReference; lastKnownFileType = sourcecode.swift; path = SettingsView.swift; sourceTree = "<group>"; };
		4402720029C1E3E0009F9D36 /* ChatKit */ = {isa = PBXFileReference; lastKnownFileType = wrapper; path = ChatKit; sourceTree = "<group>"; };
		4402720329C205F4009F9D36 /* ChatViewModel.swift */ = {isa = PBXFileReference; lastKnownFileType = sourcecode.swift; path = ChatViewModel.swift; sourceTree = "<group>"; };
		4402720529C20F4D009F9D36 /* ChatTextFieldView.swift */ = {isa = PBXFileReference; lastKnownFileType = sourcecode.swift; path = ChatTextFieldView.swift; sourceTree = "<group>"; };
		4402720729C21281009F9D36 /* Info.plist */ = {isa = PBXFileReference; lastKnownFileType = text.plist; path = Info.plist; sourceTree = "<group>"; };
		447DB3FF29C129FE003E44B2 /* Message.swift */ = {isa = PBXFileReference; lastKnownFileType = sourcecode.swift; path = Message.swift; sourceTree = "<group>"; };
		447DB40429C12A7F003E44B2 /* TokenStore.swift */ = {isa = PBXFileReference; lastKnownFileType = sourcecode.swift; path = TokenStore.swift; sourceTree = "<group>"; };
		44DFCA5B29C0BBB200B026E7 /* AskGPT.app */ = {isa = PBXFileReference; explicitFileType = wrapper.application; includeInIndex = 0; path = AskGPT.app; sourceTree = BUILT_PRODUCTS_DIR; };
		44DFCA5E29C0BBB200B026E7 /* AskGPTApp.swift */ = {isa = PBXFileReference; lastKnownFileType = sourcecode.swift; path = AskGPTApp.swift; sourceTree = "<group>"; };
		44DFCA6029C0BBB200B026E7 /* ChatView.swift */ = {isa = PBXFileReference; lastKnownFileType = sourcecode.swift; path = ChatView.swift; sourceTree = "<group>"; };
		44DFCA6229C0BBB300B026E7 /* Assets.xcassets */ = {isa = PBXFileReference; lastKnownFileType = folder.assetcatalog; path = Assets.xcassets; sourceTree = "<group>"; };
		44DFCA6429C0BBB300B026E7 /* AskGPT.entitlements */ = {isa = PBXFileReference; lastKnownFileType = text.plist.entitlements; path = AskGPT.entitlements; sourceTree = "<group>"; };
		44DFCA6629C0BBB300B026E7 /* Preview Assets.xcassets */ = {isa = PBXFileReference; lastKnownFileType = folder.assetcatalog; path = "Preview Assets.xcassets"; sourceTree = "<group>"; };
		44DFCA7429C0BCA400B026E7 /* ChatBubble.swift */ = {isa = PBXFileReference; lastKnownFileType = sourcecode.swift; path = ChatBubble.swift; sourceTree = "<group>"; };
		44DFCA7629C0C06600B026E7 /* Message + OpenAI.swift */ = {isa = PBXFileReference; lastKnownFileType = sourcecode.swift; path = "Message + OpenAI.swift"; sourceTree = "<group>"; };
/* End PBXFileReference section */

/* Begin PBXFrameworksBuildPhase section */
		44DFCA5829C0BBB200B026E7 /* Frameworks */ = {
			isa = PBXFrameworksBuildPhase;
			buildActionMask = 2147483647;
			files = (
				447DB40329C12A54003E44B2 /* KeychainSwift in Frameworks */,
				440271FD29C1B90C009F9D36 /* Codehighlighter in Frameworks */,
				44DFCA7229C0BC4A00B026E7 /* OpenAISwift in Frameworks */,
				4402720229C1E871009F9D36 /* ChatKit in Frameworks */,
				447DB3F929C11E6A003E44B2 /* MarkdownUI in Frameworks */,
			);
			runOnlyForDeploymentPostprocessing = 0;
		};
/* End PBXFrameworksBuildPhase section */

/* Begin PBXGroup section */
		447DB3F129C1187F003E44B2 /* Frameworks */ = {
			isa = PBXGroup;
			children = (
			);
			name = Frameworks;
			sourceTree = "<group>";
		};
		447DB3FE29C129F1003E44B2 /* Model */ = {
			isa = PBXGroup;
			children = (
				447DB3FF29C129FE003E44B2 /* Message.swift */,
			);
			path = Model;
			sourceTree = "<group>";
		};
		44DFCA5229C0BBB200B026E7 = {
			isa = PBXGroup;
			children = (
				4402720029C1E3E0009F9D36 /* ChatKit */,
				440271F929C1B8BA009F9D36 /* Codehighlighter */,
				44DFCA5D29C0BBB200B026E7 /* AskGPT */,
				44DFCA5C29C0BBB200B026E7 /* Products */,
				447DB3F129C1187F003E44B2 /* Frameworks */,
			);
			sourceTree = "<group>";
		};
		44DFCA5C29C0BBB200B026E7 /* Products */ = {
			isa = PBXGroup;
			children = (
				44DFCA5B29C0BBB200B026E7 /* AskGPT.app */,
			);
			name = Products;
			sourceTree = "<group>";
		};
		44DFCA5D29C0BBB200B026E7 /* AskGPT */ = {
			isa = PBXGroup;
			children = (
				4402720729C21281009F9D36 /* Info.plist */,
				44DFCA5E29C0BBB200B026E7 /* AskGPTApp.swift */,
				440271F729C1B753009F9D36 /* AppViewModel.swift */,
				44DFCA6029C0BBB200B026E7 /* ChatView.swift */,
				4402720529C20F4D009F9D36 /* ChatTextFieldView.swift */,
				4402720329C205F4009F9D36 /* ChatViewModel.swift */,
				440271FE29C1BA40009F9D36 /* SettingsView.swift */,
				447DB3FE29C129F1003E44B2 /* Model */,
				44DFCA7629C0C06600B026E7 /* Message + OpenAI.swift */,
				447DB40429C12A7F003E44B2 /* TokenStore.swift */,
				44DFCA7329C0BC9600B026E7 /* Chat */,
				44DFCA6229C0BBB300B026E7 /* Assets.xcassets */,
				44DFCA6429C0BBB300B026E7 /* AskGPT.entitlements */,
				44DFCA6529C0BBB300B026E7 /* Preview Content */,
			);
			path = AskGPT;
			sourceTree = "<group>";
		};
		44DFCA6529C0BBB300B026E7 /* Preview Content */ = {
			isa = PBXGroup;
			children = (
				44DFCA6629C0BBB300B026E7 /* Preview Assets.xcassets */,
			);
			path = "Preview Content";
			sourceTree = "<group>";
		};
		44DFCA7329C0BC9600B026E7 /* Chat */ = {
			isa = PBXGroup;
			children = (
				44DFCA7429C0BCA400B026E7 /* ChatBubble.swift */,
				440271FA29C1B8E2009F9D36 /* ChatCodeHighlighter.swift */,
			);
			path = Chat;
			sourceTree = "<group>";
		};
/* End PBXGroup section */

/* Begin PBXNativeTarget section */
		44DFCA5A29C0BBB200B026E7 /* AskGPT */ = {
			isa = PBXNativeTarget;
			buildConfigurationList = 44DFCA6A29C0BBB300B026E7 /* Build configuration list for PBXNativeTarget "AskGPT" */;
			buildPhases = (
				44DFCA5729C0BBB200B026E7 /* Sources */,
				44DFCA5829C0BBB200B026E7 /* Frameworks */,
				44DFCA5929C0BBB200B026E7 /* Resources */,
			);
			buildRules = (
			);
			dependencies = (
			);
			name = AskGPT;
			packageProductDependencies = (
				44DFCA7129C0BC4A00B026E7 /* OpenAISwift */,
				447DB3F829C11E6A003E44B2 /* MarkdownUI */,
				447DB40229C12A54003E44B2 /* KeychainSwift */,
				440271FC29C1B90C009F9D36 /* Codehighlighter */,
				4402720129C1E871009F9D36 /* ChatKit */,
			);
			productName = AskGPT;
			productReference = 44DFCA5B29C0BBB200B026E7 /* AskGPT.app */;
			productType = "com.apple.product-type.application";
		};
/* End PBXNativeTarget section */

/* Begin PBXProject section */
		44DFCA5329C0BBB200B026E7 /* Project object */ = {
			isa = PBXProject;
			attributes = {
				BuildIndependentTargetsInParallel = 1;
				LastSwiftUpdateCheck = 1420;
				LastUpgradeCheck = 1420;
				TargetAttributes = {
					44DFCA5A29C0BBB200B026E7 = {
						CreatedOnToolsVersion = 14.2;
					};
				};
			};
			buildConfigurationList = 44DFCA5629C0BBB200B026E7 /* Build configuration list for PBXProject "AskGPT" */;
			compatibilityVersion = "Xcode 14.0";
			developmentRegion = en;
			hasScannedForEncodings = 0;
			knownRegions = (
				en,
				Base,
			);
			mainGroup = 44DFCA5229C0BBB200B026E7;
			packageReferences = (
				44DFCA7029C0BC4A00B026E7 /* XCRemoteSwiftPackageReference "OpenAISwift" */,
				447DB3F729C11E6A003E44B2 /* XCRemoteSwiftPackageReference "swift-markdown-ui" */,
				447DB40129C12A54003E44B2 /* XCRemoteSwiftPackageReference "keychain-swift" */,
			);
			productRefGroup = 44DFCA5C29C0BBB200B026E7 /* Products */;
			projectDirPath = "";
			projectRoot = "";
			targets = (
				44DFCA5A29C0BBB200B026E7 /* AskGPT */,
			);
		};
/* End PBXProject section */

/* Begin PBXResourcesBuildPhase section */
		44DFCA5929C0BBB200B026E7 /* Resources */ = {
			isa = PBXResourcesBuildPhase;
			buildActionMask = 2147483647;
			files = (
				44DFCA6729C0BBB300B026E7 /* Preview Assets.xcassets in Resources */,
				44DFCA6329C0BBB300B026E7 /* Assets.xcassets in Resources */,
			);
			runOnlyForDeploymentPostprocessing = 0;
		};
/* End PBXResourcesBuildPhase section */

/* Begin PBXSourcesBuildPhase section */
		44DFCA5729C0BBB200B026E7 /* Sources */ = {
			isa = PBXSourcesBuildPhase;
			buildActionMask = 2147483647;
			files = (
				440271F829C1B753009F9D36 /* AppViewModel.swift in Sources */,
				44DFCA6129C0BBB200B026E7 /* ChatView.swift in Sources */,
				4402720629C20F4D009F9D36 /* ChatTextFieldView.swift in Sources */,
				447DB40529C12A7F003E44B2 /* TokenStore.swift in Sources */,
				440271FB29C1B8E2009F9D36 /* ChatCodeHighlighter.swift in Sources */,
				440271FF29C1BA40009F9D36 /* SettingsView.swift in Sources */,
				4402720429C205F4009F9D36 /* ChatViewModel.swift in Sources */,
				44DFCA7529C0BCA400B026E7 /* ChatBubble.swift in Sources */,
				447DB40029C129FE003E44B2 /* Message.swift in Sources */,
				44DFCA7729C0C06600B026E7 /* Message + OpenAI.swift in Sources */,
				44DFCA5F29C0BBB200B026E7 /* AskGPTApp.swift in Sources */,
			);
			runOnlyForDeploymentPostprocessing = 0;
		};
/* End PBXSourcesBuildPhase section */

/* Begin XCBuildConfiguration section */
		44DFCA6829C0BBB300B026E7 /* Debug */ = {
			isa = XCBuildConfiguration;
			buildSettings = {
				ALWAYS_SEARCH_USER_PATHS = NO;
				CLANG_ANALYZER_NONNULL = YES;
				CLANG_ANALYZER_NUMBER_OBJECT_CONVERSION = YES_AGGRESSIVE;
				CLANG_CXX_LANGUAGE_STANDARD = "gnu++20";
				CLANG_ENABLE_MODULES = YES;
				CLANG_ENABLE_OBJC_ARC = YES;
				CLANG_ENABLE_OBJC_WEAK = YES;
				CLANG_WARN_BLOCK_CAPTURE_AUTORELEASING = YES;
				CLANG_WARN_BOOL_CONVERSION = YES;
				CLANG_WARN_COMMA = YES;
				CLANG_WARN_CONSTANT_CONVERSION = YES;
				CLANG_WARN_DEPRECATED_OBJC_IMPLEMENTATIONS = YES;
				CLANG_WARN_DIRECT_OBJC_ISA_USAGE = YES_ERROR;
				CLANG_WARN_DOCUMENTATION_COMMENTS = YES;
				CLANG_WARN_EMPTY_BODY = YES;
				CLANG_WARN_ENUM_CONVERSION = YES;
				CLANG_WARN_INFINITE_RECURSION = YES;
				CLANG_WARN_INT_CONVERSION = YES;
				CLANG_WARN_NON_LITERAL_NULL_CONVERSION = YES;
				CLANG_WARN_OBJC_IMPLICIT_RETAIN_SELF = YES;
				CLANG_WARN_OBJC_LITERAL_CONVERSION = YES;
				CLANG_WARN_OBJC_ROOT_CLASS = YES_ERROR;
				CLANG_WARN_QUOTED_INCLUDE_IN_FRAMEWORK_HEADER = YES;
				CLANG_WARN_RANGE_LOOP_ANALYSIS = YES;
				CLANG_WARN_STRICT_PROTOTYPES = YES;
				CLANG_WARN_SUSPICIOUS_MOVE = YES;
				CLANG_WARN_UNGUARDED_AVAILABILITY = YES_AGGRESSIVE;
				CLANG_WARN_UNREACHABLE_CODE = YES;
				CLANG_WARN__DUPLICATE_METHOD_MATCH = YES;
				COPY_PHASE_STRIP = NO;
				DEBUG_INFORMATION_FORMAT = dwarf;
				ENABLE_STRICT_OBJC_MSGSEND = YES;
				ENABLE_TESTABILITY = YES;
				GCC_C_LANGUAGE_STANDARD = gnu11;
				GCC_DYNAMIC_NO_PIC = NO;
				GCC_NO_COMMON_BLOCKS = YES;
				GCC_OPTIMIZATION_LEVEL = 0;
				GCC_PREPROCESSOR_DEFINITIONS = (
					"DEBUG=1",
					"$(inherited)",
				);
				GCC_WARN_64_TO_32_BIT_CONVERSION = YES;
				GCC_WARN_ABOUT_RETURN_TYPE = YES_ERROR;
				GCC_WARN_UNDECLARED_SELECTOR = YES;
				GCC_WARN_UNINITIALIZED_AUTOS = YES_AGGRESSIVE;
				GCC_WARN_UNUSED_FUNCTION = YES;
				GCC_WARN_UNUSED_VARIABLE = YES;
				MTL_ENABLE_DEBUG_INFO = INCLUDE_SOURCE;
				MTL_FAST_MATH = YES;
				ONLY_ACTIVE_ARCH = YES;
				SWIFT_ACTIVE_COMPILATION_CONDITIONS = DEBUG;
				SWIFT_OPTIMIZATION_LEVEL = "-Onone";
			};
			name = Debug;
		};
		44DFCA6929C0BBB300B026E7 /* Release */ = {
			isa = XCBuildConfiguration;
			buildSettings = {
				ALWAYS_SEARCH_USER_PATHS = NO;
				CLANG_ANALYZER_NONNULL = YES;
				CLANG_ANALYZER_NUMBER_OBJECT_CONVERSION = YES_AGGRESSIVE;
				CLANG_CXX_LANGUAGE_STANDARD = "gnu++20";
				CLANG_ENABLE_MODULES = YES;
				CLANG_ENABLE_OBJC_ARC = YES;
				CLANG_ENABLE_OBJC_WEAK = YES;
				CLANG_WARN_BLOCK_CAPTURE_AUTORELEASING = YES;
				CLANG_WARN_BOOL_CONVERSION = YES;
				CLANG_WARN_COMMA = YES;
				CLANG_WARN_CONSTANT_CONVERSION = YES;
				CLANG_WARN_DEPRECATED_OBJC_IMPLEMENTATIONS = YES;
				CLANG_WARN_DIRECT_OBJC_ISA_USAGE = YES_ERROR;
				CLANG_WARN_DOCUMENTATION_COMMENTS = YES;
				CLANG_WARN_EMPTY_BODY = YES;
				CLANG_WARN_ENUM_CONVERSION = YES;
				CLANG_WARN_INFINITE_RECURSION = YES;
				CLANG_WARN_INT_CONVERSION = YES;
				CLANG_WARN_NON_LITERAL_NULL_CONVERSION = YES;
				CLANG_WARN_OBJC_IMPLICIT_RETAIN_SELF = YES;
				CLANG_WARN_OBJC_LITERAL_CONVERSION = YES;
				CLANG_WARN_OBJC_ROOT_CLASS = YES_ERROR;
				CLANG_WARN_QUOTED_INCLUDE_IN_FRAMEWORK_HEADER = YES;
				CLANG_WARN_RANGE_LOOP_ANALYSIS = YES;
				CLANG_WARN_STRICT_PROTOTYPES = YES;
				CLANG_WARN_SUSPICIOUS_MOVE = YES;
				CLANG_WARN_UNGUARDED_AVAILABILITY = YES_AGGRESSIVE;
				CLANG_WARN_UNREACHABLE_CODE = YES;
				CLANG_WARN__DUPLICATE_METHOD_MATCH = YES;
				COPY_PHASE_STRIP = NO;
				DEBUG_INFORMATION_FORMAT = "dwarf-with-dsym";
				ENABLE_NS_ASSERTIONS = NO;
				ENABLE_STRICT_OBJC_MSGSEND = YES;
				GCC_C_LANGUAGE_STANDARD = gnu11;
				GCC_NO_COMMON_BLOCKS = YES;
				GCC_WARN_64_TO_32_BIT_CONVERSION = YES;
				GCC_WARN_ABOUT_RETURN_TYPE = YES_ERROR;
				GCC_WARN_UNDECLARED_SELECTOR = YES;
				GCC_WARN_UNINITIALIZED_AUTOS = YES_AGGRESSIVE;
				GCC_WARN_UNUSED_FUNCTION = YES;
				GCC_WARN_UNUSED_VARIABLE = YES;
				MTL_ENABLE_DEBUG_INFO = NO;
				MTL_FAST_MATH = YES;
				SWIFT_COMPILATION_MODE = wholemodule;
				SWIFT_OPTIMIZATION_LEVEL = "-O";
			};
			name = Release;
		};
		44DFCA6B29C0BBB300B026E7 /* Debug */ = {
			isa = XCBuildConfiguration;
			buildSettings = {
				ASSETCATALOG_COMPILER_APPICON_NAME = AppIcon;
				ASSETCATALOG_COMPILER_GLOBAL_ACCENT_COLOR_NAME = AccentColor;
				CODE_SIGN_ENTITLEMENTS = AskGPT/AskGPT.entitlements;
				CODE_SIGN_STYLE = Automatic;
				CURRENT_PROJECT_VERSION = 1;
				DEVELOPMENT_ASSET_PATHS = "\"AskGPT/Preview Content\"";
				DEVELOPMENT_TEAM = 3SB8N9QD3Z;
				ENABLE_HARDENED_RUNTIME = YES;
				ENABLE_PREVIEWS = YES;
				GENERATE_INFOPLIST_FILE = YES;
				INFOPLIST_FILE = AskGPT/Info.plist;
				INFOPLIST_KEY_CFBundleDisplayName = Geene;
				"INFOPLIST_KEY_UIApplicationSceneManifest_Generation[sdk=iphoneos*]" = YES;
				"INFOPLIST_KEY_UIApplicationSceneManifest_Generation[sdk=iphonesimulator*]" = YES;
				"INFOPLIST_KEY_UIApplicationSupportsIndirectInputEvents[sdk=iphoneos*]" = YES;
				"INFOPLIST_KEY_UIApplicationSupportsIndirectInputEvents[sdk=iphonesimulator*]" = YES;
				"INFOPLIST_KEY_UILaunchScreen_Generation[sdk=iphoneos*]" = YES;
				"INFOPLIST_KEY_UILaunchScreen_Generation[sdk=iphonesimulator*]" = YES;
				"INFOPLIST_KEY_UIStatusBarStyle[sdk=iphoneos*]" = UIStatusBarStyleDefault;
				"INFOPLIST_KEY_UIStatusBarStyle[sdk=iphonesimulator*]" = UIStatusBarStyleDefault;
				INFOPLIST_KEY_UISupportedInterfaceOrientations_iPad = "UIInterfaceOrientationPortrait UIInterfaceOrientationPortraitUpsideDown UIInterfaceOrientationLandscapeLeft UIInterfaceOrientationLandscapeRight";
				INFOPLIST_KEY_UISupportedInterfaceOrientations_iPhone = "UIInterfaceOrientationPortrait UIInterfaceOrientationLandscapeLeft UIInterfaceOrientationLandscapeRight";
				IPHONEOS_DEPLOYMENT_TARGET = 16.0;
				LD_RUNPATH_SEARCH_PATHS = "@executable_path/Frameworks";
				"LD_RUNPATH_SEARCH_PATHS[sdk=macosx*]" = "@executable_path/../Frameworks";
				MACOSX_DEPLOYMENT_TARGET = 13.1;
				MARKETING_VERSION = 0.1;
				PRODUCT_BUNDLE_IDENTIFIER = com.francescobianco.ai.AskGPT;
				PRODUCT_NAME = "$(TARGET_NAME)";
				SDKROOT = auto;
				SUPPORTED_PLATFORMS = "iphoneos iphonesimulator macosx";
				SWIFT_EMIT_LOC_STRINGS = YES;
				SWIFT_VERSION = 5.0;
				TARGETED_DEVICE_FAMILY = "1,2";
			};
			name = Debug;
		};
		44DFCA6C29C0BBB300B026E7 /* Release */ = {
			isa = XCBuildConfiguration;
			buildSettings = {
				ASSETCATALOG_COMPILER_APPICON_NAME = AppIcon;
				ASSETCATALOG_COMPILER_GLOBAL_ACCENT_COLOR_NAME = AccentColor;
				CODE_SIGN_ENTITLEMENTS = AskGPT/AskGPT.entitlements;
				CODE_SIGN_STYLE = Automatic;
				CURRENT_PROJECT_VERSION = 1;
				DEVELOPMENT_ASSET_PATHS = "\"AskGPT/Preview Content\"";
				DEVELOPMENT_TEAM = 3SB8N9QD3Z;
				ENABLE_HARDENED_RUNTIME = YES;
				ENABLE_PREVIEWS = YES;
				GENERATE_INFOPLIST_FILE = YES;
				INFOPLIST_FILE = AskGPT/Info.plist;
				INFOPLIST_KEY_CFBundleDisplayName = Geene;
				"INFOPLIST_KEY_UIApplicationSceneManifest_Generation[sdk=iphoneos*]" = YES;
				"INFOPLIST_KEY_UIApplicationSceneManifest_Generation[sdk=iphonesimulator*]" = YES;
				"INFOPLIST_KEY_UIApplicationSupportsIndirectInputEvents[sdk=iphoneos*]" = YES;
				"INFOPLIST_KEY_UIApplicationSupportsIndirectInputEvents[sdk=iphonesimulator*]" = YES;
				"INFOPLIST_KEY_UILaunchScreen_Generation[sdk=iphoneos*]" = YES;
				"INFOPLIST_KEY_UILaunchScreen_Generation[sdk=iphonesimulator*]" = YES;
				"INFOPLIST_KEY_UIStatusBarStyle[sdk=iphoneos*]" = UIStatusBarStyleDefault;
				"INFOPLIST_KEY_UIStatusBarStyle[sdk=iphonesimulator*]" = UIStatusBarStyleDefault;
				INFOPLIST_KEY_UISupportedInterfaceOrientations_iPad = "UIInterfaceOrientationPortrait UIInterfaceOrientationPortraitUpsideDown UIInterfaceOrientationLandscapeLeft UIInterfaceOrientationLandscapeRight";
				INFOPLIST_KEY_UISupportedInterfaceOrientations_iPhone = "UIInterfaceOrientationPortrait UIInterfaceOrientationLandscapeLeft UIInterfaceOrientationLandscapeRight";
				IPHONEOS_DEPLOYMENT_TARGET = 16.0;
				LD_RUNPATH_SEARCH_PATHS = "@executable_path/Frameworks";
				"LD_RUNPATH_SEARCH_PATHS[sdk=macosx*]" = "@executable_path/../Frameworks";
				MACOSX_DEPLOYMENT_TARGET = 13.1;
				MARKETING_VERSION = 0.1;
				PRODUCT_BUNDLE_IDENTIFIER = com.francescobianco.ai.AskGPT;
				PRODUCT_NAME = "$(TARGET_NAME)";
				SDKROOT = auto;
				SUPPORTED_PLATFORMS = "iphoneos iphonesimulator macosx";
				SWIFT_EMIT_LOC_STRINGS = YES;
				SWIFT_VERSION = 5.0;
				TARGETED_DEVICE_FAMILY = "1,2";
			};
			name = Release;
		};
/* End XCBuildConfiguration section */

/* Begin XCConfigurationList section */
		44DFCA5629C0BBB200B026E7 /* Build configuration list for PBXProject "AskGPT" */ = {
			isa = XCConfigurationList;
			buildConfigurations = (
				44DFCA6829C0BBB300B026E7 /* Debug */,
				44DFCA6929C0BBB300B026E7 /* Release */,
			);
			defaultConfigurationIsVisible = 0;
			defaultConfigurationName = Release;
		};
		44DFCA6A29C0BBB300B026E7 /* Build configuration list for PBXNativeTarget "AskGPT" */ = {
			isa = XCConfigurationList;
			buildConfigurations = (
				44DFCA6B29C0BBB300B026E7 /* Debug */,
				44DFCA6C29C0BBB300B026E7 /* Release */,
			);
			defaultConfigurationIsVisible = 0;
			defaultConfigurationName = Release;
		};
/* End XCConfigurationList section */

/* Begin XCRemoteSwiftPackageReference section */
		447DB3F729C11E6A003E44B2 /* XCRemoteSwiftPackageReference "swift-markdown-ui" */ = {
			isa = XCRemoteSwiftPackageReference;
			repositoryURL = "https://github.com/gonzalezreal/swift-markdown-ui";
			requirement = {
				branch = main;
				kind = branch;
			};
		};
		447DB40129C12A54003E44B2 /* XCRemoteSwiftPackageReference "keychain-swift" */ = {
			isa = XCRemoteSwiftPackageReference;
			repositoryURL = "https://github.com/evgenyneu/keychain-swift";
			requirement = {
				branch = master;
				kind = branch;
			};
		};
		44DFCA7029C0BC4A00B026E7 /* XCRemoteSwiftPackageReference "OpenAISwift" */ = {
			isa = XCRemoteSwiftPackageReference;
			repositoryURL = "https://github.com/adamrushy/OpenAISwift";
			requirement = {
				kind = upToNextMajorVersion;
				minimumVersion = 1.0.0;
			};
		};
/* End XCRemoteSwiftPackageReference section */

/* Begin XCSwiftPackageProductDependency section */
		440271FC29C1B90C009F9D36 /* Codehighlighter */ = {
			isa = XCSwiftPackageProductDependency;
			productName = Codehighlighter;
		};
		4402720129C1E871009F9D36 /* ChatKit */ = {
			isa = XCSwiftPackageProductDependency;
			productName = ChatKit;
		};
		447DB3F829C11E6A003E44B2 /* MarkdownUI */ = {
			isa = XCSwiftPackageProductDependency;
			package = 447DB3F729C11E6A003E44B2 /* XCRemoteSwiftPackageReference "swift-markdown-ui" */;
			productName = MarkdownUI;
		};
		447DB40229C12A54003E44B2 /* KeychainSwift */ = {
			isa = XCSwiftPackageProductDependency;
			package = 447DB40129C12A54003E44B2 /* XCRemoteSwiftPackageReference "keychain-swift" */;
			productName = KeychainSwift;
		};
		44DFCA7129C0BC4A00B026E7 /* OpenAISwift */ = {
			isa = XCSwiftPackageProductDependency;
			package = 44DFCA7029C0BC4A00B026E7 /* XCRemoteSwiftPackageReference "OpenAISwift" */;
			productName = OpenAISwift;
		};
/* End XCSwiftPackageProductDependency section */
	};
	rootObject = 44DFCA5329C0BBB200B026E7 /* Project object */;
}
